
Microsoft Visual Studio Solution File, Format Version 12.00
# Visual Studio 15
VisualStudioVersion = 15.0.28010.2046
MinimumVisualStudioVersion = 10.0.40219.1
Project("{FAE04EC0-301F-11D3-BF4B-00C04F79EFBC}") = "PotterApi", "PotterApi\PotterApi.csproj", "{2D50EC8E-A042-4D23-BAD6-173C1776A378}"
EndProject
Global
	GlobalSection(SolutionConfigurationPlatforms) = preSolution
		Debug|Any CPU = Debug|Any CPU
		Release|Any CPU = Release|Any CPU
	EndGlobalSection
	GlobalSection(ProjectConfigurationPlatforms) = postSolution
		{2D50EC8E-A042-4D23-BAD6-173C1776A378}.Debug|Any CPU.ActiveCfg = Debug|Any CPU
		{2D50EC8E-A042-4D23-BAD6-173C1776A378}.Debug|Any CPU.Build.0 = Debug|Any CPU
		{2D50EC8E-A042-4D23-BAD6-173C1776A378}.Release|Any CPU.ActiveCfg = Release|Any CPU
		{2D50EC8E-A042-4D23-BAD6-173C1776A378}.Release|Any CPU.Build.0 = Release|Any CPU
	EndGlobalSection
	GlobalSection(SolutionProperties) = preSolution
		HideSolutionNode = FALSE
	EndGlobalSection
	GlobalSection(ExtensibilityGlobals) = postSolution
		SolutionGuid = {27D603B2-3F95-449D-A7C3-3EF2034268E5}
	EndGlobalSection
EndGlobal
